
Microsoft Visual Studio Solution File, Format Version 12.00
# Visual Studio 15
VisualStudioVersion = 15.0.28010.2026
MinimumVisualStudioVersion = 10.0.40219.1
Project("{8BC9CEB8-8B4A-11D0-8D11-00A0C91BC942}") = "hfdp_ch1", "hfdp_ch1\hfdp_ch1.vcxproj", "{39431FDD-C56E-46E4-97F5-51D1643D0F32}"
EndProject
Project("{8BC9CEB8-8B4A-11D0-8D11-00A0C91BC942}") = "hfdp_ch2", "hfdp_ch2\hfdp_ch2.vcxproj", "{47FA793C-4FA3-427D-92A9-F82C7366DA6B}"
EndProject
Project("{8BC9CEB8-8B4A-11D0-8D11-00A0C91BC942}") = "hfdp_ch3", "hfdp_ch3\hfdp_ch3.vcxproj", "{AA50605F-6F33-4651-82C1-285AEE22AE78}"
EndProject
Project("{8BC9CEB8-8B4A-11D0-8D11-00A0C91BC942}") = "hfdp_ch4", "hfdp_ch4\hfdp_ch4.vcxproj", "{9071102E-2F93-4528-A22C-03C7C1097C20}"
EndProject
Global
	GlobalSection(SolutionConfigurationPlatforms) = preSolution
		Debug|x64 = Debug|x64
		Debug|x86 = Debug|x86
		Release|x64 = Release|x64
		Release|x86 = Release|x86
	EndGlobalSection
	GlobalSection(ProjectConfigurationPlatforms) = postSolution
		{39431FDD-C56E-46E4-97F5-51D1643D0F32}.Debug|x64.ActiveCfg = Debug|x64
		{39431FDD-C56E-46E4-97F5-51D1643D0F32}.Debug|x64.Build.0 = Debug|x64
		{39431FDD-C56E-46E4-97F5-51D1643D0F32}.Debug|x86.ActiveCfg = Debug|Win32
		{39431FDD-C56E-46E4-97F5-51D1643D0F32}.Debug|x86.Build.0 = Debug|Win32
		{39431FDD-C56E-46E4-97F5-51D1643D0F32}.Release|x64.ActiveCfg = Release|x64
		{39431FDD-C56E-46E4-97F5-51D1643D0F32}.Release|x64.Build.0 = Release|x64
		{39431FDD-C56E-46E4-97F5-51D1643D0F32}.Release|x86.ActiveCfg = Release|Win32
		{39431FDD-C56E-46E4-97F5-51D1643D0F32}.Release|x86.Build.0 = Release|Win32
		{47FA793C-4FA3-427D-92A9-F82C7366DA6B}.Debug|x64.ActiveCfg = Debug|x64
		{47FA793C-4FA3-427D-92A9-F82C7366DA6B}.Debug|x64.Build.0 = Debug|x64
		{47FA793C-4FA3-427D-92A9-F82C7366DA6B}.Debug|x86.ActiveCfg = Debug|Win32
		{47FA793C-4FA3-427D-92A9-F82C7366DA6B}.Debug|x86.Build.0 = Debug|Win32
		{47FA793C-4FA3-427D-92A9-F82C7366DA6B}.Release|x64.ActiveCfg = Release|x64
		{47FA793C-4FA3-427D-92A9-F82C7366DA6B}.Release|x64.Build.0 = Release|x64
		{47FA793C-4FA3-427D-92A9-F82C7366DA6B}.Release|x86.ActiveCfg = Release|Win32
		{47FA793C-4FA3-427D-92A9-F82C7366DA6B}.Release|x86.Build.0 = Release|Win32
		{AA50605F-6F33-4651-82C1-285AEE22AE78}.Debug|x64.ActiveCfg = Debug|x64
		{AA50605F-6F33-4651-82C1-285AEE22AE78}.Debug|x64.Build.0 = Debug|x64
		{AA50605F-6F33-4651-82C1-285AEE22AE78}.Debug|x86.ActiveCfg = Debug|Win32
		{AA50605F-6F33-4651-82C1-285AEE22AE78}.Debug|x86.Build.0 = Debug|Win32
		{AA50605F-6F33-4651-82C1-285AEE22AE78}.Release|x64.ActiveCfg = Release|x64
		{AA50605F-6F33-4651-82C1-285AEE22AE78}.Release|x64.Build.0 = Release|x64
		{AA50605F-6F33-4651-82C1-285AEE22AE78}.Release|x86.ActiveCfg = Release|Win32
		{AA50605F-6F33-4651-82C1-285AEE22AE78}.Release|x86.Build.0 = Release|Win32
		{9071102E-2F93-4528-A22C-03C7C1097C20}.Debug|x64.ActiveCfg = Debug|x64
		{9071102E-2F93-4528-A22C-03C7C1097C20}.Debug|x64.Build.0 = Debug|x64
		{9071102E-2F93-4528-A22C-03C7C1097C20}.Debug|x86.ActiveCfg = Debug|Win32
		{9071102E-2F93-4528-A22C-03C7C1097C20}.Debug|x86.Build.0 = Debug|Win32
		{9071102E-2F93-4528-A22C-03C7C1097C20}.Release|x64.ActiveCfg = Release|x64
		{9071102E-2F93-4528-A22C-03C7C1097C20}.Release|x64.Build.0 = Release|x64
		{9071102E-2F93-4528-A22C-03C7C1097C20}.Release|x86.ActiveCfg = Release|Win32
		{9071102E-2F93-4528-A22C-03C7C1097C20}.Release|x86.Build.0 = Release|Win32
	EndGlobalSection
	GlobalSection(SolutionProperties) = preSolution
		HideSolutionNode = FALSE
	EndGlobalSection
	GlobalSection(ExtensibilityGlobals) = postSolution
		SolutionGuid = {69B82335-C3E0-41E7-B3AC-A50DB845DB8F}
	EndGlobalSection
EndGlobal
